// !$*UTF8*$!
{
	archiveVersion = 1;
	classes = {
	};
	objectVersion = 46;
	objects = {

/* Begin PBXBuildFile section */
		416E0F8D1A85547D0024271B /* AppDelegate.swift in Sources */ = {isa = PBXBuildFile; fileRef = 416E0F8C1A85547D0024271B /* AppDelegate.swift */; };
		416E0F8F1A85547D0024271B /* ViewController.swift in Sources */ = {isa = PBXBuildFile; fileRef = 416E0F8E1A85547D0024271B /* ViewController.swift */; };
		416E0F921A85547D0024271B /* Main.storyboard in Resources */ = {isa = PBXBuildFile; fileRef = 416E0F901A85547D0024271B /* Main.storyboard */; };
		416E0F941A85547D0024271B /* Images.xcassets in Resources */ = {isa = PBXBuildFile; fileRef = 416E0F931A85547D0024271B /* Images.xcassets */; };
		416E0F971A85547D0024271B /* LaunchScreen.xib in Resources */ = {isa = PBXBuildFile; fileRef = 416E0F951A85547D0024271B /* LaunchScreen.xib */; };
		416E0FA31A85547D0024271B /* _9_balloonsTests.swift in Sources */ = {isa = PBXBuildFile; fileRef = 416E0FA21A85547D0024271B /* _9_balloonsTests.swift */; };
/* End PBXBuildFile section */

/* Begin PBXContainerItemProxy section */
		416E0F9D1A85547D0024271B /* PBXContainerItemProxy */ = {
			isa = PBXContainerItemProxy;
			containerPortal = 416E0F7F1A85547D0024271B /* Project object */;
			proxyType = 1;
			remoteGlobalIDString = 416E0F861A85547D0024271B;
			remoteInfo = "99 balloons";
		};
/* End PBXContainerItemProxy section */

/* Begin PBXFileReference section */
		416E0F871A85547D0024271B /* 99 balloons.app */ = {isa = PBXFileReference; explicitFileType = wrapper.application; includeInIndex = 0; path = "99 balloons.app"; sourceTree = BUILT_PRODUCTS_DIR; };
		416E0F8B1A85547D0024271B /* Info.plist */ = {isa = PBXFileReference; lastKnownFileType = text.plist.xml; path = Info.plist; sourceTree = "<group>"; };
		416E0F8C1A85547D0024271B /* AppDelegate.swift */ = {isa = PBXFileReference; lastKnownFileType = sourcecode.swift; path = AppDelegate.swift; sourceTree = "<group>"; };
		416E0F8E1A85547D0024271B /* ViewController.swift */ = {isa = PBXFileReference; lastKnownFileType = sourcecode.swift; path = ViewController.swift; sourceTree = "<group>"; };
		416E0F911A85547D0024271B /* Base */ = {isa = PBXFileReference; lastKnownFileType = file.storyboard; name = Base; path = Base.lproj/Main.storyboard; sourceTree = "<group>"; };
		416E0F931A85547D0024271B /* Images.xcassets */ = {isa = PBXFileReference; lastKnownFileType = folder.assetcatalog; path = Images.xcassets; sourceTree = "<group>"; };
		416E0F961A85547D0024271B /* Base */ = {isa = PBXFileReference; lastKnownFileType = file.xib; name = Base; path = Base.lproj/LaunchScreen.xib; sourceTree = "<group>"; };
		416E0F9C1A85547D0024271B /* 99 balloonsTests.xctest */ = {isa = PBXFileReference; explicitFileType = wrapper.cfbundle; includeInIndex = 0; path = "99 balloonsTests.xctest"; sourceTree = BUILT_PRODUCTS_DIR; };
		416E0FA11A85547D0024271B /* Info.plist */ = {isa = PBXFileReference; lastKnownFileType = text.plist.xml; path = Info.plist; sourceTree = "<group>"; };
		416E0FA21A85547D0024271B /* _9_balloonsTests.swift */ = {isa = PBXFileReference; lastKnownFileType = sourcecode.swift; path = _9_balloonsTests.swift; sourceTree = "<group>"; };
/* End PBXFileReference section */

/* Begin PBXFrameworksBuildPhase section */
		416E0F841A85547D0024271B /* Frameworks */ = {
			isa = PBXFrameworksBuildPhase;
			buildActionMask = 2147483647;
			files = (
			);
			runOnlyForDeploymentPostprocessing = 0;
		};
		416E0F991A85547D0024271B /* Frameworks */ = {
			isa = PBXFrameworksBuildPhase;
			buildActionMask = 2147483647;
			files = (
			);
			runOnlyForDeploymentPostprocessing = 0;
		};
/* End PBXFrameworksBuildPhase section */

/* Begin PBXGroup section */
		416E0F7E1A85547D0024271B = {
			isa = PBXGroup;
			children = (
				416E0F891A85547D0024271B /* 99 balloons */,
				416E0F9F1A85547D0024271B /* 99 balloonsTests */,
				416E0F881A85547D0024271B /* Products */,
			);
			sourceTree = "<group>";
		};
		416E0F881A85547D0024271B /* Products */ = {
			isa = PBXGroup;
			children = (
				416E0F871A85547D0024271B /* 99 balloons.app */,
				416E0F9C1A85547D0024271B /* 99 balloonsTests.xctest */,
			);
			name = Products;
			sourceTree = "<group>";
		};
		416E0F891A85547D0024271B /* 99 balloons */ = {
			isa = PBXGroup;
			children = (
				416E0F8C1A85547D0024271B /* AppDelegate.swift */,
				416E0F8E1A85547D0024271B /* ViewController.swift */,
				416E0F901A85547D0024271B /* Main.storyboard */,
				416E0F931A85547D0024271B /* Images.xcassets */,
				416E0F951A85547D0024271B /* LaunchScreen.xib */,
				416E0F8A1A85547D0024271B /* Supporting Files */,
			);
			path = "99 balloons";
			sourceTree = "<group>";
		};
		416E0F8A1A85547D0024271B /* Supporting Files */ = {
			isa = PBXGroup;
			children = (
				416E0F8B1A85547D0024271B /* Info.plist */,
			);
			name = "Supporting Files";
			sourceTree = "<group>";
		};
		416E0F9F1A85547D0024271B /* 99 balloonsTests */ = {
			isa = PBXGroup;
			children = (
				416E0FA21A85547D0024271B /* _9_balloonsTests.swift */,
				416E0FA01A85547D0024271B /* Supporting Files */,
			);
			path = "99 balloonsTests";
			sourceTree = "<group>";
		};
		416E0FA01A85547D0024271B /* Supporting Files */ = {
			isa = PBXGroup;
			children = (
				416E0FA11A85547D0024271B /* Info.plist */,
			);
			name = "Supporting Files";
			sourceTree = "<group>";
		};
/* End PBXGroup section */

/* Begin PBXNativeTarget section */
		416E0F861A85547D0024271B /* 99 balloons */ = {
			isa = PBXNativeTarget;
			buildConfigurationList = 416E0FA61A85547D0024271B /* Build configuration list for PBXNativeTarget "99 balloons" */;
			buildPhases = (
				416E0F831A85547D0024271B /* Sources */,
				416E0F841A85547D0024271B /* Frameworks */,
				416E0F851A85547D0024271B /* Resources */,
			);
			buildRules = (
			);
			dependencies = (
			);
			name = "99 balloons";
			productName = "99 balloons";
			productReference = 416E0F871A85547D0024271B /* 99 balloons.app */;
			productType = "com.apple.product-type.application";
		};
		416E0F9B1A85547D0024271B /* 99 balloonsTests */ = {
			isa = PBXNativeTarget;
			buildConfigurationList = 416E0FA91A85547D0024271B /* Build configuration list for PBXNativeTarget "99 balloonsTests" */;
			buildPhases = (
				416E0F981A85547D0024271B /* Sources */,
				416E0F991A85547D0024271B /* Frameworks */,
				416E0F9A1A85547D0024271B /* Resources */,
			);
			buildRules = (
			);
			dependencies = (
				416E0F9E1A85547D0024271B /* PBXTargetDependency */,
			);
			name = "99 balloonsTests";
			productName = "99 balloonsTests";
			productReference = 416E0F9C1A85547D0024271B /* 99 balloonsTests.xctest */;
			productType = "com.apple.product-type.bundle.unit-test";
		};
/* End PBXNativeTarget section */

/* Begin PBXProject section */
		416E0F7F1A85547D0024271B /* Project object */ = {
			isa = PBXProject;
			attributes = {
				LastUpgradeCheck = 0610;
				ORGANIZATIONNAME = "Diego Perez";
				TargetAttributes = {
					416E0F861A85547D0024271B = {
						CreatedOnToolsVersion = 6.1;
					};
					416E0F9B1A85547D0024271B = {
						CreatedOnToolsVersion = 6.1;
						TestTargetID = 416E0F861A85547D0024271B;
					};
				};
			};
			buildConfigurationList = 416E0F821A85547D0024271B /* Build configuration list for PBXProject "99 balloons" */;
			compatibilityVersion = "Xcode 3.2";
			developmentRegion = English;
			hasScannedForEncodings = 0;
			knownRegions = (
				en,
				Base,
			);
			mainGroup = 416E0F7E1A85547D0024271B;
			productRefGroup = 416E0F881A85547D0024271B /* Products */;
			projectDirPath = "";
			projectRoot = "";
			targets = (
				416E0F861A85547D0024271B /* 99 balloons */,
				416E0F9B1A85547D0024271B /* 99 balloonsTests */,
			);
		};
/* End PBXProject section */

/* Begin PBXResourcesBuildPhase section */
		416E0F851A85547D0024271B /* Resources */ = {
			isa = PBXResourcesBuildPhase;
			buildActionMask = 2147483647;
			files = (
				416E0F921A85547D0024271B /* Main.storyboard in Resources */,
				416E0F971A85547D0024271B /* LaunchScreen.xib in Resources */,
				416E0F941A85547D0024271B /* Images.xcassets in Resources */,
			);
			runOnlyForDeploymentPostprocessing = 0;
		};
		416E0F9A1A85547D0024271B /* Resources */ = {
			isa = PBXResourcesBuildPhase;
			buildActionMask = 2147483647;
			files = (
			);
			runOnlyForDeploymentPostprocessing = 0;
		};
/* End PBXResourcesBuildPhase section */

/* Begin PBXSourcesBuildPhase section */
		416E0F831A85547D0024271B /* Sources */ = {
			isa = PBXSourcesBuildPhase;
			buildActionMask = 2147483647;
			files = (
				416E0F8F1A85547D0024271B /* ViewController.swift in Sources */,
				416E0F8D1A85547D0024271B /* AppDelegate.swift in Sources */,
			);
			runOnlyForDeploymentPostprocessing = 0;
		};
		416E0F981A85547D0024271B /* Sources */ = {
			isa = PBXSourcesBuildPhase;
			buildActionMask = 2147483647;
			files = (
				416E0FA31A85547D0024271B /* _9_balloonsTests.swift in Sources */,
			);
			runOnlyForDeploymentPostprocessing = 0;
		};
/* End PBXSourcesBuildPhase section */

/* Begin PBXTargetDependency section */
		416E0F9E1A85547D0024271B /* PBXTargetDependency */ = {
			isa = PBXTargetDependency;
			target = 416E0F861A85547D0024271B /* 99 balloons */;
			targetProxy = 416E0F9D1A85547D0024271B /* PBXContainerItemProxy */;
		};
/* End PBXTargetDependency section */

/* Begin PBXVariantGroup section */
		416E0F901A85547D0024271B /* Main.storyboard */ = {
			isa = PBXVariantGroup;
			children = (
				416E0F911A85547D0024271B /* Base */,
			);
			name = Main.storyboard;
			sourceTree = "<group>";
		};
		416E0F951A85547D0024271B /* LaunchScreen.xib */ = {
			isa = PBXVariantGroup;
			children = (
				416E0F961A85547D0024271B /* Base */,
			);
			name = LaunchScreen.xib;
			sourceTree = "<group>";
		};
/* End PBXVariantGroup section */

/* Begin XCBuildConfiguration section */
		416E0FA41A85547D0024271B /* Debug */ = {
			isa = XCBuildConfiguration;
			buildSettings = {
				ALWAYS_SEARCH_USER_PATHS = NO;
				CLANG_CXX_LANGUAGE_STANDARD = "gnu++0x";
				CLANG_CXX_LIBRARY = "libc++";
				CLANG_ENABLE_MODULES = YES;
				CLANG_ENABLE_OBJC_ARC = YES;
				CLANG_WARN_BOOL_CONVERSION = YES;
				CLANG_WARN_CONSTANT_CONVERSION = YES;
				CLANG_WARN_DIRECT_OBJC_ISA_USAGE = YES_ERROR;
				CLANG_WARN_EMPTY_BODY = YES;
				CLANG_WARN_ENUM_CONVERSION = YES;
				CLANG_WARN_INT_CONVERSION = YES;
				CLANG_WARN_OBJC_ROOT_CLASS = YES_ERROR;
				CLANG_WARN_UNREACHABLE_CODE = YES;
				CLANG_WARN__DUPLICATE_METHOD_MATCH = YES;
				"CODE_SIGN_IDENTITY[sdk=iphoneos*]" = "iPhone Developer";
				COPY_PHASE_STRIP = NO;
				ENABLE_STRICT_OBJC_MSGSEND = YES;
				GCC_C_LANGUAGE_STANDARD = gnu99;
				GCC_DYNAMIC_NO_PIC = NO;
				GCC_OPTIMIZATION_LEVEL = 0;
				GCC_PREPROCESSOR_DEFINITIONS = (
					"DEBUG=1",
					"$(inherited)",
				);
				GCC_SYMBOLS_PRIVATE_EXTERN = NO;
				GCC_WARN_64_TO_32_BIT_CONVERSION = YES;
				GCC_WARN_ABOUT_RETURN_TYPE = YES_ERROR;
				GCC_WARN_UNDECLARED_SELECTOR = YES;
				GCC_WARN_UNINITIALIZED_AUTOS = YES_AGGRESSIVE;
				GCC_WARN_UNUSED_FUNCTION = YES;
				GCC_WARN_UNUSED_VARIABLE = YES;
				IPHONEOS_DEPLOYMENT_TARGET = 8.1;
				MTL_ENABLE_DEBUG_INFO = YES;
				ONLY_ACTIVE_ARCH = YES;
				SDKROOT = iphoneos;
				SWIFT_OPTIMIZATION_LEVEL = "-Onone";
				TARGETED_DEVICE_FAMILY = "1,2";
			};
			name = Debug;
		};
		416E0FA51A85547D0024271B /* Release */ = {
			isa = XCBuildConfiguration;
			buildSettings = {
				ALWAYS_SEARCH_USER_PATHS = NO;
				CLANG_CXX_LANGUAGE_STANDARD = "gnu++0x";
				CLANG_CXX_LIBRARY = "libc++";
				CLANG_ENABLE_MODULES = YES;
				CLANG_ENABLE_OBJC_ARC = YES;
				CLANG_WARN_BOOL_CONVERSION = YES;
				CLANG_WARN_CONSTANT_CONVERSION = YES;
				CLANG_WARN_DIRECT_OBJC_ISA_USAGE = YES_ERROR;
				CLANG_WARN_EMPTY_BODY = YES;
				CLANG_WARN_ENUM_CONVERSION = YES;
				CLANG_WARN_INT_CONVERSION = YES;
				CLANG_WARN_OBJC_ROOT_CLASS = YES_ERROR;
				CLANG_WARN_UNREACHABLE_CODE = YES;
				CLANG_WARN__DUPLICATE_METHOD_MATCH = YES;
				"CODE_SIGN_IDENTITY[sdk=iphoneos*]" = "iPhone Developer";
				COPY_PHASE_STRIP = YES;
				ENABLE_NS_ASSERTIONS = NO;
				ENABLE_STRICT_OBJC_MSGSEND = YES;
				GCC_C_LANGUAGE_STANDARD = gnu99;
				GCC_WARN_64_TO_32_BIT_CONVERSION = YES;
				GCC_WARN_ABOUT_RETURN_TYPE = YES_ERROR;
				GCC_WARN_UNDECLARED_SELECTOR = YES;
				GCC_WARN_UNINITIALIZED_AUTOS = YES_AGGRESSIVE;
				GCC_WARN_UNUSED_FUNCTION = YES;
				GCC_WARN_UNUSED_VARIABLE = YES;
				IPHONEOS_DEPLOYMENT_TARGET = 8.1;
				MTL_ENABLE_DEBUG_INFO = NO;
				SDKROOT = iphoneos;
				TARGETED_DEVICE_FAMILY = "1,2";
				VALIDATE_PRODUCT = YES;
			};
			name = Release;
		};
		416E0FA71A85547D0024271B /* Debug */ = {
			isa = XCBuildConfiguration;
			buildSettings = {
				ASSETCATALOG_COMPILER_APPICON_NAME = AppIcon;
				INFOPLIST_FILE = "99 balloons/Info.plist";
				LD_RUNPATH_SEARCH_PATHS = "$(inherited) @executable_path/Frameworks";
				PRODUCT_NAME = "$(TARGET_NAME)";
			};
			name = Debug;
		};
		416E0FA81A85547D0024271B /* Release */ = {
			isa = XCBuildConfiguration;
			buildSettings = {
				ASSETCATALOG_COMPILER_APPICON_NAME = AppIcon;
				INFOPLIST_FILE = "99 balloons/Info.plist";
				LD_RUNPATH_SEARCH_PATHS = "$(inherited) @executable_path/Frameworks";
				PRODUCT_NAME = "$(TARGET_NAME)";
			};
			name = Release;
		};
		416E0FAA1A85547D0024271B /* Debug */ = {
			isa = XCBuildConfiguration;
			buildSettings = {
				BUNDLE_LOADER = "$(TEST_HOST)";
				FRAMEWORK_SEARCH_PATHS = (
					"$(SDKROOT)/Developer/Library/Frameworks",
					"$(inherited)",
				);
				GCC_PREPROCESSOR_DEFINITIONS = (
					"DEBUG=1",
					"$(inherited)",
				);
				INFOPLIST_FILE = "99 balloonsTests/Info.plist";
				LD_RUNPATH_SEARCH_PATHS = "$(inherited) @executable_path/Frameworks @loader_path/Frameworks";
				PRODUCT_NAME = "$(TARGET_NAME)";
				TEST_HOST = "$(BUILT_PRODUCTS_DIR)/99 balloons.app/99 balloons";
			};
			name = Debug;
		};
		416E0FAB1A85547D0024271B /* Release */ = {
			isa = XCBuildConfiguration;
			buildSettings = {
				BUNDLE_LOADER = "$(TEST_HOST)";
				FRAMEWORK_SEARCH_PATHS = (
					"$(SDKROOT)/Developer/Library/Frameworks",
					"$(inherited)",
				);
				INFOPLIST_FILE = "99 balloonsTests/Info.plist";
				LD_RUNPATH_SEARCH_PATHS = "$(inherited) @executable_path/Frameworks @loader_path/Frameworks";
				PRODUCT_NAME = "$(TARGET_NAME)";
				TEST_HOST = "$(BUILT_PRODUCTS_DIR)/99 balloons.app/99 balloons";
			};
			name = Release;
		};
/* End XCBuildConfiguration section */

/* Begin XCConfigurationList section */
		416E0F821A85547D0024271B /* Build configuration list for PBXProject "99 balloons" */ = {
			isa = XCConfigurationList;
			buildConfigurations = (
				416E0FA41A85547D0024271B /* Debug */,
				416E0FA51A85547D0024271B /* Release */,
			);
			defaultConfigurationIsVisible = 0;
			defaultConfigurationName = Release;
		};
		416E0FA61A85547D0024271B /* Build configuration list for PBXNativeTarget "99 balloons" */ = {
			isa = XCConfigurationList;
			buildConfigurations = (
				416E0FA71A85547D0024271B /* Debug */,
				416E0FA81A85547D0024271B /* Release */,
			);
			defaultConfigurationIsVisible = 0;
		};
		416E0FA91A85547D0024271B /* Build configuration list for PBXNativeTarget "99 balloonsTests" */ = {
			isa = XCConfigurationList;
			buildConfigurations = (
				416E0FAA1A85547D0024271B /* Debug */,
				416E0FAB1A85547D0024271B /* Release */,
			);
			defaultConfigurationIsVisible = 0;
		};
/* End XCConfigurationList section */
	};
	rootObject = 416E0F7F1A85547D0024271B /* Project object */;
}
